
Microsoft Visual Studio Solution File, Format Version 11.00
# Visual Studio 2010
Project("{8BC9CEB8-8B4A-11D0-8D11-00A0C91BC942}") = "Project1（火焰识别）", "Project1（火焰识别）\Project1（火焰识别）.vcxproj", "{923AA8AD-BCDF-43EB-B70A-2146E560CFE8}"
EndProject
Global
	GlobalSection(SolutionConfigurationPlatforms) = preSolution
		Debug|Win32 = Debug|Win32
		Release|Win32 = Release|Win32
	EndGlobalSection
	GlobalSection(ProjectConfigurationPlatforms) = postSolution
		{923AA8AD-BCDF-43EB-B70A-2146E560CFE8}.Debug|Win32.ActiveCfg = Debug|Win32
		{923AA8AD-BCDF-43EB-B70A-2146E560CFE8}.Debug|Win32.Build.0 = Debug|Win32
		{923AA8AD-BCDF-43EB-B70A-2146E560CFE8}.Release|Win32.ActiveCfg = Release|Win32
		{923AA8AD-BCDF-43EB-B70A-2146E560CFE8}.Release|Win32.Build.0 = Release|Win32
	EndGlobalSection
	GlobalSection(SolutionProperties) = preSolution
		HideSolutionNode = FALSE
	EndGlobalSection
EndGlobal
